
Microsoft Visual Studio Solution File, Format Version 12.00
# Visual Studio Version 17
VisualStudioVersion = 17.2.32630.192
MinimumVisualStudioVersion = 10.0.40219.1
Project("{9A19103F-16F7-4668-BE54-9A1E7A4F7556}") = "EvenBetterJoy.Terminal", "EvenBetterJoy.Terminal\EvenBetterJoy.Terminal.csproj", "{C6DD5EF9-984F-46F1-8A63-B9903B33AA0A}"
EndProject
Project("{2150E333-8FDC-42A3-9474-1A3956D46DE8}") = "Solution Items", "Solution Items", "{22511301-BE58-436B-8A83-461C88ABCBBE}"
	ProjectSection(SolutionItems) = preProject
		.editorconfig = .editorconfig
		.gitignore = .gitignore
		LICENSE = LICENSE
		README.md = README.md
		title.png = title.png
	EndProjectSection
EndProject
Project("{FAE04EC0-301F-11D3-BF4B-00C04F79EFBC}") = "EvenBetterJoy.Domain", "EvenBetterJoy.Domain\EvenBetterJoy.Domain.csproj", "{BEBF2F8B-CFDC-418D-9EF1-2D5FD7315CA9}"
EndProject
Global
	GlobalSection(SolutionConfigurationPlatforms) = preSolution
		Debug|Any CPU = Debug|Any CPU
		Debug|x64 = Debug|x64
		Debug|x86 = Debug|x86
		Release|Any CPU = Release|Any CPU
		Release|x64 = Release|x64
		Release|x86 = Release|x86
	EndGlobalSection
	GlobalSection(ProjectConfigurationPlatforms) = postSolution
		{C6DD5EF9-984F-46F1-8A63-B9903B33AA0A}.Debug|Any CPU.ActiveCfg = Debug|Any CPU
		{C6DD5EF9-984F-46F1-8A63-B9903B33AA0A}.Debug|Any CPU.Build.0 = Debug|Any CPU
		{C6DD5EF9-984F-46F1-8A63-B9903B33AA0A}.Debug|x64.ActiveCfg = Debug|Any CPU
		{C6DD5EF9-984F-46F1-8A63-B9903B33AA0A}.Debug|x64.Build.0 = Debug|Any CPU
		{C6DD5EF9-984F-46F1-8A63-B9903B33AA0A}.Debug|x86.ActiveCfg = Debug|Any CPU
		{C6DD5EF9-984F-46F1-8A63-B9903B33AA0A}.Debug|x86.Build.0 = Debug|Any CPU
		{C6DD5EF9-984F-46F1-8A63-B9903B33AA0A}.Release|Any CPU.ActiveCfg = Release|Any CPU
		{C6DD5EF9-984F-46F1-8A63-B9903B33AA0A}.Release|Any CPU.Build.0 = Release|Any CPU
		{C6DD5EF9-984F-46F1-8A63-B9903B33AA0A}.Release|x64.ActiveCfg = Release|Any CPU
		{C6DD5EF9-984F-46F1-8A63-B9903B33AA0A}.Release|x64.Build.0 = Release|Any CPU
		{C6DD5EF9-984F-46F1-8A63-B9903B33AA0A}.Release|x86.ActiveCfg = Release|Any CPU
		{C6DD5EF9-984F-46F1-8A63-B9903B33AA0A}.Release|x86.Build.0 = Release|Any CPU
		{BEBF2F8B-CFDC-418D-9EF1-2D5FD7315CA9}.Debug|Any CPU.ActiveCfg = Debug|Any CPU
		{BEBF2F8B-CFDC-418D-9EF1-2D5FD7315CA9}.Debug|Any CPU.Build.0 = Debug|Any CPU
		{BEBF2F8B-CFDC-418D-9EF1-2D5FD7315CA9}.Debug|x64.ActiveCfg = Debug|Any CPU
		{BEBF2F8B-CFDC-418D-9EF1-2D5FD7315CA9}.Debug|x64.Build.0 = Debug|Any CPU
		{BEBF2F8B-CFDC-418D-9EF1-2D5FD7315CA9}.Debug|x86.ActiveCfg = Debug|Any CPU
		{BEBF2F8B-CFDC-418D-9EF1-2D5FD7315CA9}.Debug|x86.Build.0 = Debug|Any CPU
		{BEBF2F8B-CFDC-418D-9EF1-2D5FD7315CA9}.Release|Any CPU.ActiveCfg = Release|Any CPU
		{BEBF2F8B-CFDC-418D-9EF1-2D5FD7315CA9}.Release|Any CPU.Build.0 = Release|Any CPU
		{BEBF2F8B-CFDC-418D-9EF1-2D5FD7315CA9}.Release|x64.ActiveCfg = Release|Any CPU
		{BEBF2F8B-CFDC-418D-9EF1-2D5FD7315CA9}.Release|x64.Build.0 = Release|Any CPU
		{BEBF2F8B-CFDC-418D-9EF1-2D5FD7315CA9}.Release|x86.ActiveCfg = Release|Any CPU
		{BEBF2F8B-CFDC-418D-9EF1-2D5FD7315CA9}.Release|x86.Build.0 = Release|Any CPU
	EndGlobalSection
	GlobalSection(SolutionProperties) = preSolution
		HideSolutionNode = FALSE
	EndGlobalSection
	GlobalSection(ExtensibilityGlobals) = postSolution
		SolutionGuid = {F928F866-3D27-4531-970D-25ADE4DDD979}
	EndGlobalSection
EndGlobal
